
Microsoft Visual Studio Solution File, Format Version 12.00
Project("{FAE04EC0-301F-11D3-BF4B-00C04F79EFBC}") = "CarMarketWithLogin", "CarMarketWithLogin\CarMarketWithLogin.csproj", "{589645E0-5960-4B2B-AA0C-53E13E6BAC21}"
EndProject
Global
	GlobalSection(SolutionConfigurationPlatforms) = preSolution
		Debug|Any CPU = Debug|Any CPU
		Release|Any CPU = Release|Any CPU
	EndGlobalSection
	GlobalSection(ProjectConfigurationPlatforms) = postSolution
		{589645E0-5960-4B2B-AA0C-53E13E6BAC21}.Debug|Any CPU.ActiveCfg = Debug|Any CPU
		{589645E0-5960-4B2B-AA0C-53E13E6BAC21}.Debug|Any CPU.Build.0 = Debug|Any CPU
		{589645E0-5960-4B2B-AA0C-53E13E6BAC21}.Release|Any CPU.ActiveCfg = Release|Any CPU
		{589645E0-5960-4B2B-AA0C-53E13E6BAC21}.Release|Any CPU.Build.0 = Release|Any CPU
	EndGlobalSection
EndGlobal
